
Microsoft Visual Studio Solution File, Format Version 12.00
# Visual Studio Version 17
VisualStudioVersion = 17.8.34511.84
MinimumVisualStudioVersion = 10.0.40219.1
Project("{9A19103F-16F7-4668-BE54-9A1E7A4F7556}") = "MapperDM", "MapperDM\MapperDM.csproj", "{B8AAD23A-A016-449F-85B5-AAA523436945}"
EndProject
Global
	GlobalSection(SolutionConfigurationPlatforms) = preSolution
		Debug|Any CPU = Debug|Any CPU
		Release|Any CPU = Release|Any CPU
	EndGlobalSection
	GlobalSection(ProjectConfigurationPlatforms) = postSolution
		{B8AAD23A-A016-449F-85B5-AAA523436945}.Debug|Any CPU.ActiveCfg = Debug|Any CPU
		{B8AAD23A-A016-449F-85B5-AAA523436945}.Debug|Any CPU.Build.0 = Debug|Any CPU
		{B8AAD23A-A016-449F-85B5-AAA523436945}.Release|Any CPU.ActiveCfg = Release|Any CPU
		{B8AAD23A-A016-449F-85B5-AAA523436945}.Release|Any CPU.Build.0 = Release|Any CPU
	EndGlobalSection
	GlobalSection(SolutionProperties) = preSolution
		HideSolutionNode = FALSE
	EndGlobalSection
	GlobalSection(ExtensibilityGlobals) = postSolution
		SolutionGuid = {AD6F5E72-9E5D-4A33-A9A0-28A6397B1E8A}
	EndGlobalSection
EndGlobal
